// !$*UTF8*$!
{
	archiveVersion = 1;
	classes = {
	};
	objectVersion = 50;
	objects = {

/* Begin PBXBuildFile section */
		EB438D112612212C00481B85 /* ProductCollectionViewCell.swift in Sources */ = {isa = PBXBuildFile; fileRef = EB438D102612212C00481B85 /* ProductCollectionViewCell.swift */; };
		EB438D1B261227D300481B85 /* ImageFetcher.swift in Sources */ = {isa = PBXBuildFile; fileRef = EB438D1A261227D300481B85 /* ImageFetcher.swift */; };
		EB73E4B62613219F003E207C /* UIImageView+ImageFetcher.swift in Sources */ = {isa = PBXBuildFile; fileRef = EB73E4B52613219F003E207C /* UIImageView+ImageFetcher.swift */; };
		EB73E4BB261328FD003E207C /* IsUrgentView.swift in Sources */ = {isa = PBXBuildFile; fileRef = EB73E4BA261328FD003E207C /* IsUrgentView.swift */; };
		EB73E4C026134DBC003E207C /* ProductsCollectionViewGeometry.swift in Sources */ = {isa = PBXBuildFile; fileRef = EB73E4BF26134DBC003E207C /* ProductsCollectionViewGeometry.swift */; };
		EB73E4C526135A7B003E207C /* CategoryFilter.swift in Sources */ = {isa = PBXBuildFile; fileRef = EB73E4C426135A7B003E207C /* CategoryFilter.swift */; };
		EB73E4CA26136190003E207C /* CategoryFiltersContainer.swift in Sources */ = {isa = PBXBuildFile; fileRef = EB73E4C926136190003E207C /* CategoryFiltersContainer.swift */; };
		EB73E4CF261361E1003E207C /* CategoryFilterCollectionViewCell.swift in Sources */ = {isa = PBXBuildFile; fileRef = EB73E4CE261361E1003E207C /* CategoryFilterCollectionViewCell.swift */; };
		EB73E4D8261366DC003E207C /* CategoryFiltersCollectionViewGeometry.swift in Sources */ = {isa = PBXBuildFile; fileRef = EB73E4D7261366DC003E207C /* CategoryFiltersCollectionViewGeometry.swift */; };
		EBAB7B4D2611B91E00A2F6AD /* AppDelegate.swift in Sources */ = {isa = PBXBuildFile; fileRef = EBAB7B4C2611B91E00A2F6AD /* AppDelegate.swift */; };
		EBAB7B4F2611B91E00A2F6AD /* SceneDelegate.swift in Sources */ = {isa = PBXBuildFile; fileRef = EBAB7B4E2611B91E00A2F6AD /* SceneDelegate.swift */; };
		EBAB7B562611B91F00A2F6AD /* Assets.xcassets in Resources */ = {isa = PBXBuildFile; fileRef = EBAB7B552611B91F00A2F6AD /* Assets.xcassets */; };
		EBAB7B592611B91F00A2F6AD /* LaunchScreen.storyboard in Resources */ = {isa = PBXBuildFile; fileRef = EBAB7B572611B91F00A2F6AD /* LaunchScreen.storyboard */; };
		EBAB7B642611B91F00A2F6AD /* LeboncoinTestTests.swift in Sources */ = {isa = PBXBuildFile; fileRef = EBAB7B632611B91F00A2F6AD /* LeboncoinTestTests.swift */; };
		EBAB7B6F2611B91F00A2F6AD /* LeboncoinTestUITests.swift in Sources */ = {isa = PBXBuildFile; fileRef = EBAB7B6E2611B91F00A2F6AD /* LeboncoinTestUITests.swift */; };
		EBAB7B942611C0D400A2F6AD /* Category.swift in Sources */ = {isa = PBXBuildFile; fileRef = EBAB7B932611C0D400A2F6AD /* Category.swift */; };
		EBAB7B9C2611C2BB00A2F6AD /* Product.swift in Sources */ = {isa = PBXBuildFile; fileRef = EBAB7B9B2611C2BB00A2F6AD /* Product.swift */; };
		EBAB7BA22611C4A000A2F6AD /* CategoriesRepository.swift in Sources */ = {isa = PBXBuildFile; fileRef = EBAB7BA12611C4A000A2F6AD /* CategoriesRepository.swift */; };
		EBAB7BA72611C6CC00A2F6AD /* ProductsRepository.swift in Sources */ = {isa = PBXBuildFile; fileRef = EBAB7BA62611C6CC00A2F6AD /* ProductsRepository.swift */; };
		EBAB7BB02611CA6300A2F6AD /* Fetcher.swift in Sources */ = {isa = PBXBuildFile; fileRef = EBAB7BAF2611CA6300A2F6AD /* Fetcher.swift */; };
		EBAB7BC82611D9A400A2F6AD /* ProductsViewController.swift in Sources */ = {isa = PBXBuildFile; fileRef = EBAB7BC72611D9A400A2F6AD /* ProductsViewController.swift */; };
		EBAB7BD42611F72400A2F6AD /* CategoryAndProductInteractor.swift in Sources */ = {isa = PBXBuildFile; fileRef = EBAB7BD32611F72400A2F6AD /* CategoryAndProductInteractor.swift */; };
		EBAB7BDD2611F7FE00A2F6AD /* ProductViewModel.swift in Sources */ = {isa = PBXBuildFile; fileRef = EBAB7BDC2611F7FE00A2F6AD /* ProductViewModel.swift */; };
		EBAB7BE42611F8E700A2F6AD /* ProductMapper.swift in Sources */ = {isa = PBXBuildFile; fileRef = EBAB7BE32611F8E600A2F6AD /* ProductMapper.swift */; };
		EBAB7BE926120F0B00A2F6AD /* ProductDetailViewController.swift in Sources */ = {isa = PBXBuildFile; fileRef = EBAB7BE826120F0B00A2F6AD /* ProductDetailViewController.swift */; };
		EBAB7BEF2612133C00A2F6AD /* UIView+Constraints.swift in Sources */ = {isa = PBXBuildFile; fileRef = EBAB7BEE2612133C00A2F6AD /* UIView+Constraints.swift */; };
		EBD884132614723900D05247 /* LeboncoinError.swift in Sources */ = {isa = PBXBuildFile; fileRef = EBD884122614723900D05247 /* LeboncoinError.swift */; };
/* End PBXBuildFile section */

/* Begin PBXContainerItemProxy section */
		EBAB7B602611B91F00A2F6AD /* PBXContainerItemProxy */ = {
			isa = PBXContainerItemProxy;
			containerPortal = EBAB7B412611B91E00A2F6AD /* Project object */;
			proxyType = 1;
			remoteGlobalIDString = EBAB7B482611B91E00A2F6AD;
			remoteInfo = LeboncoinTest;
		};
		EBAB7B6B2611B91F00A2F6AD /* PBXContainerItemProxy */ = {
			isa = PBXContainerItemProxy;
			containerPortal = EBAB7B412611B91E00A2F6AD /* Project object */;
			proxyType = 1;
			remoteGlobalIDString = EBAB7B482611B91E00A2F6AD;
			remoteInfo = LeboncoinTest;
		};
/* End PBXContainerItemProxy section */

/* Begin PBXFileReference section */
		EB438D102612212C00481B85 /* ProductCollectionViewCell.swift */ = {isa = PBXFileReference; lastKnownFileType = sourcecode.swift; path = ProductCollectionViewCell.swift; sourceTree = "<group>"; };
		EB438D1A261227D300481B85 /* ImageFetcher.swift */ = {isa = PBXFileReference; lastKnownFileType = sourcecode.swift; path = ImageFetcher.swift; sourceTree = "<group>"; };
		EB73E4B52613219F003E207C /* UIImageView+ImageFetcher.swift */ = {isa = PBXFileReference; lastKnownFileType = sourcecode.swift; path = "UIImageView+ImageFetcher.swift"; sourceTree = "<group>"; };
		EB73E4BA261328FD003E207C /* IsUrgentView.swift */ = {isa = PBXFileReference; lastKnownFileType = sourcecode.swift; path = IsUrgentView.swift; sourceTree = "<group>"; };
		EB73E4BF26134DBC003E207C /* ProductsCollectionViewGeometry.swift */ = {isa = PBXFileReference; lastKnownFileType = sourcecode.swift; path = ProductsCollectionViewGeometry.swift; sourceTree = "<group>"; };
		EB73E4C426135A7B003E207C /* CategoryFilter.swift */ = {isa = PBXFileReference; lastKnownFileType = sourcecode.swift; path = CategoryFilter.swift; sourceTree = "<group>"; };
		EB73E4C926136190003E207C /* CategoryFiltersContainer.swift */ = {isa = PBXFileReference; lastKnownFileType = sourcecode.swift; path = CategoryFiltersContainer.swift; sourceTree = "<group>"; };
		EB73E4CE261361E1003E207C /* CategoryFilterCollectionViewCell.swift */ = {isa = PBXFileReference; lastKnownFileType = sourcecode.swift; path = CategoryFilterCollectionViewCell.swift; sourceTree = "<group>"; };
		EB73E4D7261366DC003E207C /* CategoryFiltersCollectionViewGeometry.swift */ = {isa = PBXFileReference; lastKnownFileType = sourcecode.swift; path = CategoryFiltersCollectionViewGeometry.swift; sourceTree = "<group>"; };
		EBAB7B492611B91E00A2F6AD /* LeboncoinTest.app */ = {isa = PBXFileReference; explicitFileType = wrapper.application; includeInIndex = 0; path = LeboncoinTest.app; sourceTree = BUILT_PRODUCTS_DIR; };
		EBAB7B4C2611B91E00A2F6AD /* AppDelegate.swift */ = {isa = PBXFileReference; lastKnownFileType = sourcecode.swift; path = AppDelegate.swift; sourceTree = "<group>"; };
		EBAB7B4E2611B91E00A2F6AD /* SceneDelegate.swift */ = {isa = PBXFileReference; lastKnownFileType = sourcecode.swift; path = SceneDelegate.swift; sourceTree = "<group>"; };
		EBAB7B552611B91F00A2F6AD /* Assets.xcassets */ = {isa = PBXFileReference; lastKnownFileType = folder.assetcatalog; path = Assets.xcassets; sourceTree = "<group>"; };
		EBAB7B582611B91F00A2F6AD /* Base */ = {isa = PBXFileReference; lastKnownFileType = file.storyboard; name = Base; path = Base.lproj/LaunchScreen.storyboard; sourceTree = "<group>"; };
		EBAB7B5A2611B91F00A2F6AD /* Info.plist */ = {isa = PBXFileReference; lastKnownFileType = text.plist.xml; path = Info.plist; sourceTree = "<group>"; };
		EBAB7B5F2611B91F00A2F6AD /* LeboncoinTestTests.xctest */ = {isa = PBXFileReference; explicitFileType = wrapper.cfbundle; includeInIndex = 0; path = LeboncoinTestTests.xctest; sourceTree = BUILT_PRODUCTS_DIR; };
		EBAB7B632611B91F00A2F6AD /* LeboncoinTestTests.swift */ = {isa = PBXFileReference; lastKnownFileType = sourcecode.swift; path = LeboncoinTestTests.swift; sourceTree = "<group>"; };
		EBAB7B652611B91F00A2F6AD /* Info.plist */ = {isa = PBXFileReference; lastKnownFileType = text.plist.xml; path = Info.plist; sourceTree = "<group>"; };
		EBAB7B6A2611B91F00A2F6AD /* LeboncoinTestUITests.xctest */ = {isa = PBXFileReference; explicitFileType = wrapper.cfbundle; includeInIndex = 0; path = LeboncoinTestUITests.xctest; sourceTree = BUILT_PRODUCTS_DIR; };
		EBAB7B6E2611B91F00A2F6AD /* LeboncoinTestUITests.swift */ = {isa = PBXFileReference; lastKnownFileType = sourcecode.swift; path = LeboncoinTestUITests.swift; sourceTree = "<group>"; };
		EBAB7B702611B91F00A2F6AD /* Info.plist */ = {isa = PBXFileReference; lastKnownFileType = text.plist.xml; path = Info.plist; sourceTree = "<group>"; };
		EBAB7B932611C0D400A2F6AD /* Category.swift */ = {isa = PBXFileReference; lastKnownFileType = sourcecode.swift; path = Category.swift; sourceTree = "<group>"; };
		EBAB7B9B2611C2BB00A2F6AD /* Product.swift */ = {isa = PBXFileReference; lastKnownFileType = sourcecode.swift; path = Product.swift; sourceTree = "<group>"; };
		EBAB7BA12611C4A000A2F6AD /* CategoriesRepository.swift */ = {isa = PBXFileReference; lastKnownFileType = sourcecode.swift; path = CategoriesRepository.swift; sourceTree = "<group>"; };
		EBAB7BA62611C6CC00A2F6AD /* ProductsRepository.swift */ = {isa = PBXFileReference; lastKnownFileType = sourcecode.swift; path = ProductsRepository.swift; sourceTree = "<group>"; };
		EBAB7BAF2611CA6300A2F6AD /* Fetcher.swift */ = {isa = PBXFileReference; lastKnownFileType = sourcecode.swift; path = Fetcher.swift; sourceTree = "<group>"; };
		EBAB7BC72611D9A400A2F6AD /* ProductsViewController.swift */ = {isa = PBXFileReference; lastKnownFileType = sourcecode.swift; path = ProductsViewController.swift; sourceTree = "<group>"; };
		EBAB7BD32611F72400A2F6AD /* CategoryAndProductInteractor.swift */ = {isa = PBXFileReference; lastKnownFileType = sourcecode.swift; path = CategoryAndProductInteractor.swift; sourceTree = "<group>"; };
		EBAB7BDC2611F7FE00A2F6AD /* ProductViewModel.swift */ = {isa = PBXFileReference; lastKnownFileType = sourcecode.swift; path = ProductViewModel.swift; sourceTree = "<group>"; };
		EBAB7BE32611F8E600A2F6AD /* ProductMapper.swift */ = {isa = PBXFileReference; lastKnownFileType = sourcecode.swift; path = ProductMapper.swift; sourceTree = "<group>"; };
		EBAB7BE826120F0B00A2F6AD /* ProductDetailViewController.swift */ = {isa = PBXFileReference; lastKnownFileType = sourcecode.swift; path = ProductDetailViewController.swift; sourceTree = "<group>"; };
		EBAB7BEE2612133C00A2F6AD /* UIView+Constraints.swift */ = {isa = PBXFileReference; lastKnownFileType = sourcecode.swift; path = "UIView+Constraints.swift"; sourceTree = "<group>"; };
		EBD884122614723900D05247 /* LeboncoinError.swift */ = {isa = PBXFileReference; lastKnownFileType = sourcecode.swift; path = LeboncoinError.swift; sourceTree = "<group>"; };
/* End PBXFileReference section */

/* Begin PBXFrameworksBuildPhase section */
		EBAB7B462611B91E00A2F6AD /* Frameworks */ = {
			isa = PBXFrameworksBuildPhase;
			buildActionMask = 2147483647;
			files = (
			);
			runOnlyForDeploymentPostprocessing = 0;
		};
		EBAB7B5C2611B91F00A2F6AD /* Frameworks */ = {
			isa = PBXFrameworksBuildPhase;
			buildActionMask = 2147483647;
			files = (
			);
			runOnlyForDeploymentPostprocessing = 0;
		};
		EBAB7B672611B91F00A2F6AD /* Frameworks */ = {
			isa = PBXFrameworksBuildPhase;
			buildActionMask = 2147483647;
			files = (
			);
			runOnlyForDeploymentPostprocessing = 0;
		};
/* End PBXFrameworksBuildPhase section */

/* Begin PBXGroup section */
		EB438D0F2612211500481B85 /* View */ = {
			isa = PBXGroup;
			children = (
				EB438D102612212C00481B85 /* ProductCollectionViewCell.swift */,
				EB73E4BA261328FD003E207C /* IsUrgentView.swift */,
				EB73E4D3261362B3003E207C /* CategoryFilter */,
			);
			path = View;
			sourceTree = "<group>";
		};
		EB73E4D3261362B3003E207C /* CategoryFilter */ = {
			isa = PBXGroup;
			children = (
				EB73E4C926136190003E207C /* CategoryFiltersContainer.swift */,
				EB73E4CE261361E1003E207C /* CategoryFilterCollectionViewCell.swift */,
				EB73E4D7261366DC003E207C /* CategoryFiltersCollectionViewGeometry.swift */,
			);
			path = CategoryFilter;
			sourceTree = "<group>";
		};
		EBAB7B402611B91E00A2F6AD = {
			isa = PBXGroup;
			children = (
				EBAB7B4B2611B91E00A2F6AD /* LeboncoinTest */,
				EBAB7B622611B91F00A2F6AD /* LeboncoinTestTests */,
				EBAB7B6D2611B91F00A2F6AD /* LeboncoinTestUITests */,
				EBAB7B4A2611B91E00A2F6AD /* Products */,
			);
			sourceTree = "<group>";
		};
		EBAB7B4A2611B91E00A2F6AD /* Products */ = {
			isa = PBXGroup;
			children = (
				EBAB7B492611B91E00A2F6AD /* LeboncoinTest.app */,
				EBAB7B5F2611B91F00A2F6AD /* LeboncoinTestTests.xctest */,
				EBAB7B6A2611B91F00A2F6AD /* LeboncoinTestUITests.xctest */,
			);
			name = Products;
			sourceTree = "<group>";
		};
		EBAB7B4B2611B91E00A2F6AD /* LeboncoinTest */ = {
			isa = PBXGroup;
			children = (
				EBAB7B4C2611B91E00A2F6AD /* AppDelegate.swift */,
				EBAB7B4E2611B91E00A2F6AD /* SceneDelegate.swift */,
				EBAB7BC62611D96C00A2F6AD /* ViewController */,
				EB438D0F2612211500481B85 /* View */,
				EBAB7BDB2611F7E600A2F6AD /* ViewModel */,
				EBAB7B912611C08E00A2F6AD /* Model */,
				EBAB7BA02611C48400A2F6AD /* Repository */,
				EBAB7BD22611F70A00A2F6AD /* Interactor */,
				EBAB7BED2612132900A2F6AD /* Helper */,
				EBAB7B552611B91F00A2F6AD /* Assets.xcassets */,
				EBAB7B572611B91F00A2F6AD /* LaunchScreen.storyboard */,
				EBAB7B5A2611B91F00A2F6AD /* Info.plist */,
			);
			path = LeboncoinTest;
			sourceTree = "<group>";
		};
		EBAB7B622611B91F00A2F6AD /* LeboncoinTestTests */ = {
			isa = PBXGroup;
			children = (
				EBAB7B632611B91F00A2F6AD /* LeboncoinTestTests.swift */,
				EBAB7B652611B91F00A2F6AD /* Info.plist */,
			);
			path = LeboncoinTestTests;
			sourceTree = "<group>";
		};
		EBAB7B6D2611B91F00A2F6AD /* LeboncoinTestUITests */ = {
			isa = PBXGroup;
			children = (
				EBAB7B6E2611B91F00A2F6AD /* LeboncoinTestUITests.swift */,
				EBAB7B702611B91F00A2F6AD /* Info.plist */,
			);
			path = LeboncoinTestUITests;
			sourceTree = "<group>";
		};
		EBAB7B912611C08E00A2F6AD /* Model */ = {
			isa = PBXGroup;
			children = (
				EBAB7B932611C0D400A2F6AD /* Category.swift */,
				EBAB7B9B2611C2BB00A2F6AD /* Product.swift */,
				EB73E4C426135A7B003E207C /* CategoryFilter.swift */,
				EBD884122614723900D05247 /* LeboncoinError.swift */,
			);
			path = Model;
			sourceTree = "<group>";
		};
		EBAB7BA02611C48400A2F6AD /* Repository */ = {
			isa = PBXGroup;
			children = (
				EBAB7BA12611C4A000A2F6AD /* CategoriesRepository.swift */,
				EBAB7BA62611C6CC00A2F6AD /* ProductsRepository.swift */,
				EBAB7BAF2611CA6300A2F6AD /* Fetcher.swift */,
				EB438D1A261227D300481B85 /* ImageFetcher.swift */,
			);
			path = Repository;
			sourceTree = "<group>";
		};
		EBAB7BC62611D96C00A2F6AD /* ViewController */ = {
			isa = PBXGroup;
			children = (
				EBAB7BC72611D9A400A2F6AD /* ProductsViewController.swift */,
				EBAB7BE826120F0B00A2F6AD /* ProductDetailViewController.swift */,
				EB73E4BF26134DBC003E207C /* ProductsCollectionViewGeometry.swift */,
			);
			path = ViewController;
			sourceTree = "<group>";
		};
		EBAB7BD22611F70A00A2F6AD /* Interactor */ = {
			isa = PBXGroup;
			children = (
				EBAB7BD32611F72400A2F6AD /* CategoryAndProductInteractor.swift */,
			);
			path = Interactor;
			sourceTree = "<group>";
		};
		EBAB7BDB2611F7E600A2F6AD /* ViewModel */ = {
			isa = PBXGroup;
			children = (
				EBAB7BE12611F8D200A2F6AD /* Mapper */,
				EBAB7BDC2611F7FE00A2F6AD /* ProductViewModel.swift */,
			);
			path = ViewModel;
			sourceTree = "<group>";
		};
		EBAB7BE12611F8D200A2F6AD /* Mapper */ = {
			isa = PBXGroup;
			children = (
				EBAB7BE32611F8E600A2F6AD /* ProductMapper.swift */,
			);
			path = Mapper;
			sourceTree = "<group>";
		};
		EBAB7BED2612132900A2F6AD /* Helper */ = {
			isa = PBXGroup;
			children = (
				EBAB7BEE2612133C00A2F6AD /* UIView+Constraints.swift */,
				EB73E4B52613219F003E207C /* UIImageView+ImageFetcher.swift */,
			);
			path = Helper;
			sourceTree = "<group>";
		};
/* End PBXGroup section */

/* Begin PBXNativeTarget section */
		EBAB7B482611B91E00A2F6AD /* LeboncoinTest */ = {
			isa = PBXNativeTarget;
			buildConfigurationList = EBAB7B732611B91F00A2F6AD /* Build configuration list for PBXNativeTarget "LeboncoinTest" */;
			buildPhases = (
				EBAB7B452611B91E00A2F6AD /* Sources */,
				EBAB7B462611B91E00A2F6AD /* Frameworks */,
				EBAB7B472611B91E00A2F6AD /* Resources */,
			);
			buildRules = (
			);
			dependencies = (
			);
			name = LeboncoinTest;
			productName = LeboncoinTest;
			productReference = EBAB7B492611B91E00A2F6AD /* LeboncoinTest.app */;
			productType = "com.apple.product-type.application";
		};
		EBAB7B5E2611B91F00A2F6AD /* LeboncoinTestTests */ = {
			isa = PBXNativeTarget;
			buildConfigurationList = EBAB7B762611B91F00A2F6AD /* Build configuration list for PBXNativeTarget "LeboncoinTestTests" */;
			buildPhases = (
				EBAB7B5B2611B91F00A2F6AD /* Sources */,
				EBAB7B5C2611B91F00A2F6AD /* Frameworks */,
				EBAB7B5D2611B91F00A2F6AD /* Resources */,
			);
			buildRules = (
			);
			dependencies = (
				EBAB7B612611B91F00A2F6AD /* PBXTargetDependency */,
			);
			name = LeboncoinTestTests;
			productName = LeboncoinTestTests;
			productReference = EBAB7B5F2611B91F00A2F6AD /* LeboncoinTestTests.xctest */;
			productType = "com.apple.product-type.bundle.unit-test";
		};
		EBAB7B692611B91F00A2F6AD /* LeboncoinTestUITests */ = {
			isa = PBXNativeTarget;
			buildConfigurationList = EBAB7B792611B91F00A2F6AD /* Build configuration list for PBXNativeTarget "LeboncoinTestUITests" */;
			buildPhases = (
				EBAB7B662611B91F00A2F6AD /* Sources */,
				EBAB7B672611B91F00A2F6AD /* Frameworks */,
				EBAB7B682611B91F00A2F6AD /* Resources */,
			);
			buildRules = (
			);
			dependencies = (
				EBAB7B6C2611B91F00A2F6AD /* PBXTargetDependency */,
			);
			name = LeboncoinTestUITests;
			productName = LeboncoinTestUITests;
			productReference = EBAB7B6A2611B91F00A2F6AD /* LeboncoinTestUITests.xctest */;
			productType = "com.apple.product-type.bundle.ui-testing";
		};
/* End PBXNativeTarget section */

/* Begin PBXProject section */
		EBAB7B412611B91E00A2F6AD /* Project object */ = {
			isa = PBXProject;
			attributes = {
				LastSwiftUpdateCheck = 1220;
				LastUpgradeCheck = 1220;
				TargetAttributes = {
					EBAB7B482611B91E00A2F6AD = {
						CreatedOnToolsVersion = 12.2;
					};
					EBAB7B5E2611B91F00A2F6AD = {
						CreatedOnToolsVersion = 12.2;
						TestTargetID = EBAB7B482611B91E00A2F6AD;
					};
					EBAB7B692611B91F00A2F6AD = {
						CreatedOnToolsVersion = 12.2;
						TestTargetID = EBAB7B482611B91E00A2F6AD;
					};
				};
			};
			buildConfigurationList = EBAB7B442611B91E00A2F6AD /* Build configuration list for PBXProject "LeboncoinTest" */;
			compatibilityVersion = "Xcode 9.3";
			developmentRegion = en;
			hasScannedForEncodings = 0;
			knownRegions = (
				en,
				Base,
			);
			mainGroup = EBAB7B402611B91E00A2F6AD;
			productRefGroup = EBAB7B4A2611B91E00A2F6AD /* Products */;
			projectDirPath = "";
			projectRoot = "";
			targets = (
				EBAB7B482611B91E00A2F6AD /* LeboncoinTest */,
				EBAB7B5E2611B91F00A2F6AD /* LeboncoinTestTests */,
				EBAB7B692611B91F00A2F6AD /* LeboncoinTestUITests */,
			);
		};
/* End PBXProject section */

/* Begin PBXResourcesBuildPhase section */
		EBAB7B472611B91E00A2F6AD /* Resources */ = {
			isa = PBXResourcesBuildPhase;
			buildActionMask = 2147483647;
			files = (
				EBAB7B592611B91F00A2F6AD /* LaunchScreen.storyboard in Resources */,
				EBAB7B562611B91F00A2F6AD /* Assets.xcassets in Resources */,
			);
			runOnlyForDeploymentPostprocessing = 0;
		};
		EBAB7B5D2611B91F00A2F6AD /* Resources */ = {
			isa = PBXResourcesBuildPhase;
			buildActionMask = 2147483647;
			files = (
			);
			runOnlyForDeploymentPostprocessing = 0;
		};
		EBAB7B682611B91F00A2F6AD /* Resources */ = {
			isa = PBXResourcesBuildPhase;
			buildActionMask = 2147483647;
			files = (
			);
			runOnlyForDeploymentPostprocessing = 0;
		};
/* End PBXResourcesBuildPhase section */

/* Begin PBXSourcesBuildPhase section */
		EBAB7B452611B91E00A2F6AD /* Sources */ = {
			isa = PBXSourcesBuildPhase;
			buildActionMask = 2147483647;
			files = (
				EBAB7BE42611F8E700A2F6AD /* ProductMapper.swift in Sources */,
				EB438D1B261227D300481B85 /* ImageFetcher.swift in Sources */,
				EBAB7BB02611CA6300A2F6AD /* Fetcher.swift in Sources */,
				EB438D112612212C00481B85 /* ProductCollectionViewCell.swift in Sources */,
				EB73E4B62613219F003E207C /* UIImageView+ImageFetcher.swift in Sources */,
				EB73E4C526135A7B003E207C /* CategoryFilter.swift in Sources */,
				EB73E4BB261328FD003E207C /* IsUrgentView.swift in Sources */,
				EBAB7BD42611F72400A2F6AD /* CategoryAndProductInteractor.swift in Sources */,
				EB73E4D8261366DC003E207C /* CategoryFiltersCollectionViewGeometry.swift in Sources */,
				EBAB7BEF2612133C00A2F6AD /* UIView+Constraints.swift in Sources */,
				EBAB7BA22611C4A000A2F6AD /* CategoriesRepository.swift in Sources */,
				EBAB7B9C2611C2BB00A2F6AD /* Product.swift in Sources */,
				EBAB7BE926120F0B00A2F6AD /* ProductDetailViewController.swift in Sources */,
				EBD884132614723900D05247 /* LeboncoinError.swift in Sources */,
				EB73E4CA26136190003E207C /* CategoryFiltersContainer.swift in Sources */,
				EBAB7BDD2611F7FE00A2F6AD /* ProductViewModel.swift in Sources */,
				EB73E4C026134DBC003E207C /* ProductsCollectionViewGeometry.swift in Sources */,
				EBAB7BA72611C6CC00A2F6AD /* ProductsRepository.swift in Sources */,
				EBAB7B4D2611B91E00A2F6AD /* AppDelegate.swift in Sources */,
				EBAB7BC82611D9A400A2F6AD /* ProductsViewController.swift in Sources */,
				EBAB7B942611C0D400A2F6AD /* Category.swift in Sources */,
				EBAB7B4F2611B91E00A2F6AD /* SceneDelegate.swift in Sources */,
				EB73E4CF261361E1003E207C /* CategoryFilterCollectionViewCell.swift in Sources */,
			);
			runOnlyForDeploymentPostprocessing = 0;
		};
		EBAB7B5B2611B91F00A2F6AD /* Sources */ = {
			isa = PBXSourcesBuildPhase;
			buildActionMask = 2147483647;
			files = (
				EBAB7B642611B91F00A2F6AD /* LeboncoinTestTests.swift in Sources */,
			);
			runOnlyForDeploymentPostprocessing = 0;
		};
		EBAB7B662611B91F00A2F6AD /* Sources */ = {
			isa = PBXSourcesBuildPhase;
			buildActionMask = 2147483647;
			files = (
				EBAB7B6F2611B91F00A2F6AD /* LeboncoinTestUITests.swift in Sources */,
			);
			runOnlyForDeploymentPostprocessing = 0;
		};
/* End PBXSourcesBuildPhase section */

/* Begin PBXTargetDependency section */
		EBAB7B612611B91F00A2F6AD /* PBXTargetDependency */ = {
			isa = PBXTargetDependency;
			target = EBAB7B482611B91E00A2F6AD /* LeboncoinTest */;
			targetProxy = EBAB7B602611B91F00A2F6AD /* PBXContainerItemProxy */;
		};
		EBAB7B6C2611B91F00A2F6AD /* PBXTargetDependency */ = {
			isa = PBXTargetDependency;
			target = EBAB7B482611B91E00A2F6AD /* LeboncoinTest */;
			targetProxy = EBAB7B6B2611B91F00A2F6AD /* PBXContainerItemProxy */;
		};
/* End PBXTargetDependency section */

/* Begin PBXVariantGroup section */
		EBAB7B572611B91F00A2F6AD /* LaunchScreen.storyboard */ = {
			isa = PBXVariantGroup;
			children = (
				EBAB7B582611B91F00A2F6AD /* Base */,
			);
			name = LaunchScreen.storyboard;
			sourceTree = "<group>";
		};
/* End PBXVariantGroup section */

/* Begin XCBuildConfiguration section */
		EBAB7B712611B91F00A2F6AD /* Debug */ = {
			isa = XCBuildConfiguration;
			buildSettings = {
				ALWAYS_SEARCH_USER_PATHS = NO;
				CLANG_ANALYZER_NONNULL = YES;
				CLANG_ANALYZER_NUMBER_OBJECT_CONVERSION = YES_AGGRESSIVE;
				CLANG_CXX_LANGUAGE_STANDARD = "gnu++14";
				CLANG_CXX_LIBRARY = "libc++";
				CLANG_ENABLE_MODULES = YES;
				CLANG_ENABLE_OBJC_ARC = YES;
				CLANG_ENABLE_OBJC_WEAK = YES;
				CLANG_WARN_BLOCK_CAPTURE_AUTORELEASING = YES;
				CLANG_WARN_BOOL_CONVERSION = YES;
				CLANG_WARN_COMMA = YES;
				CLANG_WARN_CONSTANT_CONVERSION = YES;
				CLANG_WARN_DEPRECATED_OBJC_IMPLEMENTATIONS = YES;
				CLANG_WARN_DIRECT_OBJC_ISA_USAGE = YES_ERROR;
				CLANG_WARN_DOCUMENTATION_COMMENTS = YES;
				CLANG_WARN_EMPTY_BODY = YES;
				CLANG_WARN_ENUM_CONVERSION = YES;
				CLANG_WARN_INFINITE_RECURSION = YES;
				CLANG_WARN_INT_CONVERSION = YES;
				CLANG_WARN_NON_LITERAL_NULL_CONVERSION = YES;
				CLANG_WARN_OBJC_IMPLICIT_RETAIN_SELF = YES;
				CLANG_WARN_OBJC_LITERAL_CONVERSION = YES;
				CLANG_WARN_OBJC_ROOT_CLASS = YES_ERROR;
				CLANG_WARN_QUOTED_INCLUDE_IN_FRAMEWORK_HEADER = YES;
				CLANG_WARN_RANGE_LOOP_ANALYSIS = YES;
				CLANG_WARN_STRICT_PROTOTYPES = YES;
				CLANG_WARN_SUSPICIOUS_MOVE = YES;
				CLANG_WARN_UNGUARDED_AVAILABILITY = YES_AGGRESSIVE;
				CLANG_WARN_UNREACHABLE_CODE = YES;
				CLANG_WARN__DUPLICATE_METHOD_MATCH = YES;
				COPY_PHASE_STRIP = NO;
				DEBUG_INFORMATION_FORMAT = dwarf;
				ENABLE_STRICT_OBJC_MSGSEND = YES;
				ENABLE_TESTABILITY = YES;
				GCC_C_LANGUAGE_STANDARD = gnu11;
				GCC_DYNAMIC_NO_PIC = NO;
				GCC_NO_COMMON_BLOCKS = YES;
				GCC_OPTIMIZATION_LEVEL = 0;
				GCC_PREPROCESSOR_DEFINITIONS = (
					"DEBUG=1",
					"$(inherited)",
				);
				GCC_WARN_64_TO_32_BIT_CONVERSION = YES;
				GCC_WARN_ABOUT_RETURN_TYPE = YES_ERROR;
				GCC_WARN_UNDECLARED_SELECTOR = YES;
				GCC_WARN_UNINITIALIZED_AUTOS = YES_AGGRESSIVE;
				GCC_WARN_UNUSED_FUNCTION = YES;
				GCC_WARN_UNUSED_VARIABLE = YES;
				IPHONEOS_DEPLOYMENT_TARGET = 12.0;
				MTL_ENABLE_DEBUG_INFO = INCLUDE_SOURCE;
				MTL_FAST_MATH = YES;
				ONLY_ACTIVE_ARCH = YES;
				SDKROOT = iphoneos;
				SWIFT_ACTIVE_COMPILATION_CONDITIONS = DEBUG;
				SWIFT_OPTIMIZATION_LEVEL = "-Onone";
			};
			name = Debug;
		};
		EBAB7B722611B91F00A2F6AD /* Release */ = {
			isa = XCBuildConfiguration;
			buildSettings = {
				ALWAYS_SEARCH_USER_PATHS = NO;
				CLANG_ANALYZER_NONNULL = YES;
				CLANG_ANALYZER_NUMBER_OBJECT_CONVERSION = YES_AGGRESSIVE;
				CLANG_CXX_LANGUAGE_STANDARD = "gnu++14";
				CLANG_CXX_LIBRARY = "libc++";
				CLANG_ENABLE_MODULES = YES;
				CLANG_ENABLE_OBJC_ARC = YES;
				CLANG_ENABLE_OBJC_WEAK = YES;
				CLANG_WARN_BLOCK_CAPTURE_AUTORELEASING = YES;
				CLANG_WARN_BOOL_CONVERSION = YES;
				CLANG_WARN_COMMA = YES;
				CLANG_WARN_CONSTANT_CONVERSION = YES;
				CLANG_WARN_DEPRECATED_OBJC_IMPLEMENTATIONS = YES;
				CLANG_WARN_DIRECT_OBJC_ISA_USAGE = YES_ERROR;
				CLANG_WARN_DOCUMENTATION_COMMENTS = YES;
				CLANG_WARN_EMPTY_BODY = YES;
				CLANG_WARN_ENUM_CONVERSION = YES;
				CLANG_WARN_INFINITE_RECURSION = YES;
				CLANG_WARN_INT_CONVERSION = YES;
				CLANG_WARN_NON_LITERAL_NULL_CONVERSION = YES;
				CLANG_WARN_OBJC_IMPLICIT_RETAIN_SELF = YES;
				CLANG_WARN_OBJC_LITERAL_CONVERSION = YES;
				CLANG_WARN_OBJC_ROOT_CLASS = YES_ERROR;
				CLANG_WARN_QUOTED_INCLUDE_IN_FRAMEWORK_HEADER = YES;
				CLANG_WARN_RANGE_LOOP_ANALYSIS = YES;
				CLANG_WARN_STRICT_PROTOTYPES = YES;
				CLANG_WARN_SUSPICIOUS_MOVE = YES;
				CLANG_WARN_UNGUARDED_AVAILABILITY = YES_AGGRESSIVE;
				CLANG_WARN_UNREACHABLE_CODE = YES;
				CLANG_WARN__DUPLICATE_METHOD_MATCH = YES;
				COPY_PHASE_STRIP = NO;
				DEBUG_INFORMATION_FORMAT = "dwarf-with-dsym";
				ENABLE_NS_ASSERTIONS = NO;
				ENABLE_STRICT_OBJC_MSGSEND = YES;
				GCC_C_LANGUAGE_STANDARD = gnu11;
				GCC_NO_COMMON_BLOCKS = YES;
				GCC_WARN_64_TO_32_BIT_CONVERSION = YES;
				GCC_WARN_ABOUT_RETURN_TYPE = YES_ERROR;
				GCC_WARN_UNDECLARED_SELECTOR = YES;
				GCC_WARN_UNINITIALIZED_AUTOS = YES_AGGRESSIVE;
				GCC_WARN_UNUSED_FUNCTION = YES;
				GCC_WARN_UNUSED_VARIABLE = YES;
				IPHONEOS_DEPLOYMENT_TARGET = 12.0;
				MTL_ENABLE_DEBUG_INFO = NO;
				MTL_FAST_MATH = YES;
				SDKROOT = iphoneos;
				SWIFT_COMPILATION_MODE = wholemodule;
				SWIFT_OPTIMIZATION_LEVEL = "-O";
				VALIDATE_PRODUCT = YES;
			};
			name = Release;
		};
		EBAB7B742611B91F00A2F6AD /* Debug */ = {
			isa = XCBuildConfiguration;
			buildSettings = {
				ASSETCATALOG_COMPILER_APPICON_NAME = AppIcon;
				ASSETCATALOG_COMPILER_GLOBAL_ACCENT_COLOR_NAME = AccentColor;
				CODE_SIGN_STYLE = Automatic;
				DEVELOPMENT_TEAM = ZK97SYNVXK;
				INFOPLIST_FILE = LeboncoinTest/Info.plist;
				LD_RUNPATH_SEARCH_PATHS = (
					"$(inherited)",
					"@executable_path/Frameworks",
				);
				PRODUCT_BUNDLE_IDENTIFIER = com.creative.citizen.LeboncoinTest;
				PRODUCT_NAME = "$(TARGET_NAME)";
				SWIFT_VERSION = 5.0;
				TARGETED_DEVICE_FAMILY = "1,2";
			};
			name = Debug;
		};
		EBAB7B752611B91F00A2F6AD /* Release */ = {
			isa = XCBuildConfiguration;
			buildSettings = {
				ASSETCATALOG_COMPILER_APPICON_NAME = AppIcon;
				ASSETCATALOG_COMPILER_GLOBAL_ACCENT_COLOR_NAME = AccentColor;
				CODE_SIGN_STYLE = Automatic;
				DEVELOPMENT_TEAM = ZK97SYNVXK;
				INFOPLIST_FILE = LeboncoinTest/Info.plist;
				LD_RUNPATH_SEARCH_PATHS = (
					"$(inherited)",
					"@executable_path/Frameworks",
				);
				PRODUCT_BUNDLE_IDENTIFIER = com.creative.citizen.LeboncoinTest;
				PRODUCT_NAME = "$(TARGET_NAME)";
				SWIFT_VERSION = 5.0;
				TARGETED_DEVICE_FAMILY = "1,2";
			};
			name = Release;
		};
		EBAB7B772611B91F00A2F6AD /* Debug */ = {
			isa = XCBuildConfiguration;
			buildSettings = {
				ALWAYS_EMBED_SWIFT_STANDARD_LIBRARIES = YES;
				BUNDLE_LOADER = "$(TEST_HOST)";
				CODE_SIGN_STYLE = Automatic;
				DEVELOPMENT_TEAM = ZK97SYNVXK;
				INFOPLIST_FILE = LeboncoinTestTests/Info.plist;
				IPHONEOS_DEPLOYMENT_TARGET = 14.2;
				LD_RUNPATH_SEARCH_PATHS = (
					"$(inherited)",
					"@executable_path/Frameworks",
					"@loader_path/Frameworks",
				);
				PRODUCT_BUNDLE_IDENTIFIER = com.creative.citizen.LeboncoinTestTests;
				PRODUCT_NAME = "$(TARGET_NAME)";
				SWIFT_VERSION = 5.0;
				TARGETED_DEVICE_FAMILY = "1,2";
				TEST_HOST = "$(BUILT_PRODUCTS_DIR)/LeboncoinTest.app/LeboncoinTest";
			};
			name = Debug;
		};
		EBAB7B782611B91F00A2F6AD /* Release */ = {
			isa = XCBuildConfiguration;
			buildSettings = {
				ALWAYS_EMBED_SWIFT_STANDARD_LIBRARIES = YES;
				BUNDLE_LOADER = "$(TEST_HOST)";
				CODE_SIGN_STYLE = Automatic;
				DEVELOPMENT_TEAM = ZK97SYNVXK;
				INFOPLIST_FILE = LeboncoinTestTests/Info.plist;
				IPHONEOS_DEPLOYMENT_TARGET = 14.2;
				LD_RUNPATH_SEARCH_PATHS = (
					"$(inherited)",
					"@executable_path/Frameworks",
					"@loader_path/Frameworks",
				);
				PRODUCT_BUNDLE_IDENTIFIER = com.creative.citizen.LeboncoinTestTests;
				PRODUCT_NAME = "$(TARGET_NAME)";
				SWIFT_VERSION = 5.0;
				TARGETED_DEVICE_FAMILY = "1,2";
				TEST_HOST = "$(BUILT_PRODUCTS_DIR)/LeboncoinTest.app/LeboncoinTest";
			};
			name = Release;
		};
		EBAB7B7A2611B91F00A2F6AD /* Debug */ = {
			isa = XCBuildConfiguration;
			buildSettings = {
				ALWAYS_EMBED_SWIFT_STANDARD_LIBRARIES = YES;
				CODE_SIGN_STYLE = Automatic;
				DEVELOPMENT_TEAM = ZK97SYNVXK;
				INFOPLIST_FILE = LeboncoinTestUITests/Info.plist;
				LD_RUNPATH_SEARCH_PATHS = (
					"$(inherited)",
					"@executable_path/Frameworks",
					"@loader_path/Frameworks",
				);
				PRODUCT_BUNDLE_IDENTIFIER = com.creative.citizen.LeboncoinTestUITests;
				PRODUCT_NAME = "$(TARGET_NAME)";
				SWIFT_VERSION = 5.0;
				TARGETED_DEVICE_FAMILY = "1,2";
				TEST_TARGET_NAME = LeboncoinTest;
			};
			name = Debug;
		};
		EBAB7B7B2611B91F00A2F6AD /* Release */ = {
			isa = XCBuildConfiguration;
			buildSettings = {
				ALWAYS_EMBED_SWIFT_STANDARD_LIBRARIES = YES;
				CODE_SIGN_STYLE = Automatic;
				DEVELOPMENT_TEAM = ZK97SYNVXK;
				INFOPLIST_FILE = LeboncoinTestUITests/Info.plist;
				LD_RUNPATH_SEARCH_PATHS = (
					"$(inherited)",
					"@executable_path/Frameworks",
					"@loader_path/Frameworks",
				);
				PRODUCT_BUNDLE_IDENTIFIER = com.creative.citizen.LeboncoinTestUITests;
				PRODUCT_NAME = "$(TARGET_NAME)";
				SWIFT_VERSION = 5.0;
				TARGETED_DEVICE_FAMILY = "1,2";
				TEST_TARGET_NAME = LeboncoinTest;
			};
			name = Release;
		};
/* End XCBuildConfiguration section */

/* Begin XCConfigurationList section */
		EBAB7B442611B91E00A2F6AD /* Build configuration list for PBXProject "LeboncoinTest" */ = {
			isa = XCConfigurationList;
			buildConfigurations = (
				EBAB7B712611B91F00A2F6AD /* Debug */,
				EBAB7B722611B91F00A2F6AD /* Release */,
			);
			defaultConfigurationIsVisible = 0;
			defaultConfigurationName = Release;
		};
		EBAB7B732611B91F00A2F6AD /* Build configuration list for PBXNativeTarget "LeboncoinTest" */ = {
			isa = XCConfigurationList;
			buildConfigurations = (
				EBAB7B742611B91F00A2F6AD /* Debug */,
				EBAB7B752611B91F00A2F6AD /* Release */,
			);
			defaultConfigurationIsVisible = 0;
			defaultConfigurationName = Release;
		};
		EBAB7B762611B91F00A2F6AD /* Build configuration list for PBXNativeTarget "LeboncoinTestTests" */ = {
			isa = XCConfigurationList;
			buildConfigurations = (
				EBAB7B772611B91F00A2F6AD /* Debug */,
				EBAB7B782611B91F00A2F6AD /* Release */,
			);
			defaultConfigurationIsVisible = 0;
			defaultConfigurationName = Release;
		};
		EBAB7B792611B91F00A2F6AD /* Build configuration list for PBXNativeTarget "LeboncoinTestUITests" */ = {
			isa = XCConfigurationList;
			buildConfigurations = (
				EBAB7B7A2611B91F00A2F6AD /* Debug */,
				EBAB7B7B2611B91F00A2F6AD /* Release */,
			);
			defaultConfigurationIsVisible = 0;
			defaultConfigurationName = Release;
		};
/* End XCConfigurationList section */
	};
	rootObject = EBAB7B412611B91E00A2F6AD /* Project object */;
}
